
Microsoft Visual Studio Solution File, Format Version 12.00
# Visual Studio Version 16
VisualStudioVersion = 16.0.31205.134
MinimumVisualStudioVersion = 10.0.40219.1
Project("{FAE04EC0-301F-11D3-BF4B-00C04F79EFBC}") = "SummerSchool2021", "SummerSchool2021\SummerSchool2021.csproj", "{5D69D6BA-5EFB-40FD-ABBB-DC38401DEE02}"
EndProject
Global
	GlobalSection(SolutionConfigurationPlatforms) = preSolution
		Debug|Any CPU = Debug|Any CPU
		Release|Any CPU = Release|Any CPU
	EndGlobalSection
	GlobalSection(ProjectConfigurationPlatforms) = postSolution
		{5D69D6BA-5EFB-40FD-ABBB-DC38401DEE02}.Debug|Any CPU.ActiveCfg = Debug|Any CPU
		{5D69D6BA-5EFB-40FD-ABBB-DC38401DEE02}.Debug|Any CPU.Build.0 = Debug|Any CPU
		{5D69D6BA-5EFB-40FD-ABBB-DC38401DEE02}.Release|Any CPU.ActiveCfg = Release|Any CPU
		{5D69D6BA-5EFB-40FD-ABBB-DC38401DEE02}.Release|Any CPU.Build.0 = Release|Any CPU
	EndGlobalSection
	GlobalSection(SolutionProperties) = preSolution
		HideSolutionNode = FALSE
	EndGlobalSection
	GlobalSection(ExtensibilityGlobals) = postSolution
		SolutionGuid = {97DF702D-2B1E-4820-AE9C-E0A50E6377A0}
	EndGlobalSection
EndGlobal
